
Microsoft Visual Studio Solution File, Format Version 12.00
# Visual Studio 2012
Project("{2150E333-8FDC-42A3-9474-1A3956D46DE8}") = "2013-03 March", "2013-03 March", "{AF0024DC-1391-4B36-9B3A-366CFBE8AC39}"
EndProject
Project("{FAE04EC0-301F-11D3-BF4B-00C04F79EFBC}") = "2013.March.Data", "2013.March.Data\2013.March.Data.csproj", "{8A2700ED-DAD7-42E1-B4FA-2B873A8EA87C}"
EndProject
Project("{FAE04EC0-301F-11D3-BF4B-00C04F79EFBC}") = "2013.March.Tests", "2013.March.Tests\2013.March.Tests.csproj", "{174ECAC1-D805-4F7D-9947-8FEDE6D5797C}"
EndProject
Project("{FAE04EC0-301F-11D3-BF4B-00C04F79EFBC}") = "2013.March.Domain", "2013.March.Domain\2013.March.Domain.csproj", "{DE0AA68F-D0A4-44E4-9B11-1D75A78B40E8}"
EndProject
Project("{FAE04EC0-301F-11D3-BF4B-00C04F79EFBC}") = "2013.March.RunMe", "2013.March.RunMe\2013.March.RunMe.csproj", "{144E041C-4417-4E85-BC42-47F794FA89C0}"
EndProject
Project("{2150E333-8FDC-42A3-9474-1A3956D46DE8}") = "EF Code First", "EF Code First", "{7248CFEA-804B-4B97-BF8D-9DCF1EE36E5D}"
EndProject
Project("{2150E333-8FDC-42A3-9474-1A3956D46DE8}") = "MicrosoftFakes_Statics", "MicrosoftFakes_Statics", "{F7C8EBEC-E9D1-405F-A15F-81DABED52111}"
	ProjectSection(SolutionItems) = preProject
		2013.March.Data\LogicLayer.cs = 2013.March.Data\LogicLayer.cs
	EndProjectSection
EndProject
Project("{2150E333-8FDC-42A3-9474-1A3956D46DE8}") = "2013-04 April", "2013-04 April", "{4FF1017B-B167-4284-A3A8-A64E2D474319}"
EndProject
Project("{2150E333-8FDC-42A3-9474-1A3956D46DE8}") = "nServiceBus", "nServiceBus", "{659C1CD1-E793-48C9-90BC-39559A5EA7E5}"
EndProject
Project("{FAE04EC0-301F-11D3-BF4B-00C04F79EFBC}") = "2013.April.NServiceBus.Messages", "2013.April.NServiceBus.Messages\2013.April.NServiceBus.Messages.csproj", "{2B7BDCCE-0CD3-48F2-A588-74A643111F16}"
EndProject
Project("{FAE04EC0-301F-11D3-BF4B-00C04F79EFBC}") = "2013.April.NServiceBus.ClientConsole", "2013.April.NServiceBus.ClientConsole\2013.April.NServiceBus.ClientConsole.csproj", "{7FE10972-12FA-4E42-93DC-5BF826675BFF}"
EndProject
Project("{FAE04EC0-301F-11D3-BF4B-00C04F79EFBC}") = "2013.April.NServiceBus.ServerOrderProcessing", "2013.April.NServiceBus.ServerOrderProcessing\2013.April.NServiceBus.ServerOrderProcessing.csproj", "{ED4ADF3C-E284-4CE3-8946-125BA60EEE80}"
EndProject
Project("{FAE04EC0-301F-11D3-BF4B-00C04F79EFBC}") = "2013.April.NServiceBus.ServerFulfillment", "2013.April.NServiceBus.ServerFulfillment\2013.April.NServiceBus.ServerFulfillment.csproj", "{1D2AC5B4-0C2B-4663-A8B8-32A4102E4A2D}"
EndProject
Project("{FAE04EC0-301F-11D3-BF4B-00C04F79EFBC}") = "DemoUtils", "DemoUtils\DemoUtils.csproj", "{A7A8E8A4-528C-4C48-A3C8-74340F1549A7}"
EndProject
Project("{FAE04EC0-301F-11D3-BF4B-00C04F79EFBC}") = "2013.April.NServiceBus.Events", "2013.April.NServiceBus.Events\2013.April.NServiceBus.Events.csproj", "{1FC0EA37-3EAB-4EBB-8443-108A778DA402}"
EndProject
Project("{FAE04EC0-301F-11D3-BF4B-00C04F79EFBC}") = "2013.April.NServiceBus.ClientWeb", "2013.April.NServiceBus.ClientWeb\2013.April.NServiceBus.ClientWeb.csproj", "{83694CBB-F64E-4A89-A219-BC390372E646}"
EndProject
Global
	GlobalSection(SolutionConfigurationPlatforms) = preSolution
		Debug|Any CPU = Debug|Any CPU
		Release|Any CPU = Release|Any CPU
	EndGlobalSection
	GlobalSection(ProjectConfigurationPlatforms) = postSolution
		{8A2700ED-DAD7-42E1-B4FA-2B873A8EA87C}.Debug|Any CPU.ActiveCfg = Debug|Any CPU
		{8A2700ED-DAD7-42E1-B4FA-2B873A8EA87C}.Debug|Any CPU.Build.0 = Debug|Any CPU
		{8A2700ED-DAD7-42E1-B4FA-2B873A8EA87C}.Release|Any CPU.ActiveCfg = Release|Any CPU
		{8A2700ED-DAD7-42E1-B4FA-2B873A8EA87C}.Release|Any CPU.Build.0 = Release|Any CPU
		{174ECAC1-D805-4F7D-9947-8FEDE6D5797C}.Debug|Any CPU.ActiveCfg = Debug|Any CPU
		{174ECAC1-D805-4F7D-9947-8FEDE6D5797C}.Release|Any CPU.ActiveCfg = Release|Any CPU
		{174ECAC1-D805-4F7D-9947-8FEDE6D5797C}.Release|Any CPU.Build.0 = Release|Any CPU
		{DE0AA68F-D0A4-44E4-9B11-1D75A78B40E8}.Debug|Any CPU.ActiveCfg = Debug|Any CPU
		{DE0AA68F-D0A4-44E4-9B11-1D75A78B40E8}.Debug|Any CPU.Build.0 = Debug|Any CPU
		{DE0AA68F-D0A4-44E4-9B11-1D75A78B40E8}.Release|Any CPU.ActiveCfg = Release|Any CPU
		{DE0AA68F-D0A4-44E4-9B11-1D75A78B40E8}.Release|Any CPU.Build.0 = Release|Any CPU
		{144E041C-4417-4E85-BC42-47F794FA89C0}.Debug|Any CPU.ActiveCfg = Debug|Any CPU
		{144E041C-4417-4E85-BC42-47F794FA89C0}.Debug|Any CPU.Build.0 = Debug|Any CPU
		{144E041C-4417-4E85-BC42-47F794FA89C0}.Release|Any CPU.ActiveCfg = Release|Any CPU
		{144E041C-4417-4E85-BC42-47F794FA89C0}.Release|Any CPU.Build.0 = Release|Any CPU
		{2B7BDCCE-0CD3-48F2-A588-74A643111F16}.Debug|Any CPU.ActiveCfg = Debug|Any CPU
		{2B7BDCCE-0CD3-48F2-A588-74A643111F16}.Debug|Any CPU.Build.0 = Debug|Any CPU
		{2B7BDCCE-0CD3-48F2-A588-74A643111F16}.Release|Any CPU.ActiveCfg = Release|Any CPU
		{2B7BDCCE-0CD3-48F2-A588-74A643111F16}.Release|Any CPU.Build.0 = Release|Any CPU
		{7FE10972-12FA-4E42-93DC-5BF826675BFF}.Debug|Any CPU.ActiveCfg = Debug|Any CPU
		{7FE10972-12FA-4E42-93DC-5BF826675BFF}.Debug|Any CPU.Build.0 = Debug|Any CPU
		{7FE10972-12FA-4E42-93DC-5BF826675BFF}.Release|Any CPU.ActiveCfg = Release|Any CPU
		{7FE10972-12FA-4E42-93DC-5BF826675BFF}.Release|Any CPU.Build.0 = Release|Any CPU
		{ED4ADF3C-E284-4CE3-8946-125BA60EEE80}.Debug|Any CPU.ActiveCfg = Debug|Any CPU
		{ED4ADF3C-E284-4CE3-8946-125BA60EEE80}.Debug|Any CPU.Build.0 = Debug|Any CPU
		{ED4ADF3C-E284-4CE3-8946-125BA60EEE80}.Release|Any CPU.ActiveCfg = Release|Any CPU
		{ED4ADF3C-E284-4CE3-8946-125BA60EEE80}.Release|Any CPU.Build.0 = Release|Any CPU
		{1D2AC5B4-0C2B-4663-A8B8-32A4102E4A2D}.Debug|Any CPU.ActiveCfg = Debug|Any CPU
		{1D2AC5B4-0C2B-4663-A8B8-32A4102E4A2D}.Debug|Any CPU.Build.0 = Debug|Any CPU
		{1D2AC5B4-0C2B-4663-A8B8-32A4102E4A2D}.Release|Any CPU.ActiveCfg = Release|Any CPU
		{1D2AC5B4-0C2B-4663-A8B8-32A4102E4A2D}.Release|Any CPU.Build.0 = Release|Any CPU
		{A7A8E8A4-528C-4C48-A3C8-74340F1549A7}.Debug|Any CPU.ActiveCfg = Debug|Any CPU
		{A7A8E8A4-528C-4C48-A3C8-74340F1549A7}.Debug|Any CPU.Build.0 = Debug|Any CPU
		{A7A8E8A4-528C-4C48-A3C8-74340F1549A7}.Release|Any CPU.ActiveCfg = Release|Any CPU
		{A7A8E8A4-528C-4C48-A3C8-74340F1549A7}.Release|Any CPU.Build.0 = Release|Any CPU
		{1FC0EA37-3EAB-4EBB-8443-108A778DA402}.Debug|Any CPU.ActiveCfg = Debug|Any CPU
		{1FC0EA37-3EAB-4EBB-8443-108A778DA402}.Debug|Any CPU.Build.0 = Debug|Any CPU
		{1FC0EA37-3EAB-4EBB-8443-108A778DA402}.Release|Any CPU.ActiveCfg = Release|Any CPU
		{1FC0EA37-3EAB-4EBB-8443-108A778DA402}.Release|Any CPU.Build.0 = Release|Any CPU
		{83694CBB-F64E-4A89-A219-BC390372E646}.Debug|Any CPU.ActiveCfg = Debug|Any CPU
		{83694CBB-F64E-4A89-A219-BC390372E646}.Debug|Any CPU.Build.0 = Debug|Any CPU
		{83694CBB-F64E-4A89-A219-BC390372E646}.Release|Any CPU.ActiveCfg = Release|Any CPU
		{83694CBB-F64E-4A89-A219-BC390372E646}.Release|Any CPU.Build.0 = Release|Any CPU
	EndGlobalSection
	GlobalSection(SolutionProperties) = preSolution
		HideSolutionNode = FALSE
	EndGlobalSection
	GlobalSection(NestedProjects) = preSolution
		{7248CFEA-804B-4B97-BF8D-9DCF1EE36E5D} = {AF0024DC-1391-4B36-9B3A-366CFBE8AC39}
		{F7C8EBEC-E9D1-405F-A15F-81DABED52111} = {AF0024DC-1391-4B36-9B3A-366CFBE8AC39}
		{DE0AA68F-D0A4-44E4-9B11-1D75A78B40E8} = {7248CFEA-804B-4B97-BF8D-9DCF1EE36E5D}
		{144E041C-4417-4E85-BC42-47F794FA89C0} = {7248CFEA-804B-4B97-BF8D-9DCF1EE36E5D}
		{8A2700ED-DAD7-42E1-B4FA-2B873A8EA87C} = {7248CFEA-804B-4B97-BF8D-9DCF1EE36E5D}
		{174ECAC1-D805-4F7D-9947-8FEDE6D5797C} = {F7C8EBEC-E9D1-405F-A15F-81DABED52111}
		{659C1CD1-E793-48C9-90BC-39559A5EA7E5} = {4FF1017B-B167-4284-A3A8-A64E2D474319}
		{2B7BDCCE-0CD3-48F2-A588-74A643111F16} = {659C1CD1-E793-48C9-90BC-39559A5EA7E5}
		{7FE10972-12FA-4E42-93DC-5BF826675BFF} = {659C1CD1-E793-48C9-90BC-39559A5EA7E5}
		{ED4ADF3C-E284-4CE3-8946-125BA60EEE80} = {659C1CD1-E793-48C9-90BC-39559A5EA7E5}
		{1D2AC5B4-0C2B-4663-A8B8-32A4102E4A2D} = {659C1CD1-E793-48C9-90BC-39559A5EA7E5}
		{A7A8E8A4-528C-4C48-A3C8-74340F1549A7} = {659C1CD1-E793-48C9-90BC-39559A5EA7E5}
		{1FC0EA37-3EAB-4EBB-8443-108A778DA402} = {659C1CD1-E793-48C9-90BC-39559A5EA7E5}
		{83694CBB-F64E-4A89-A219-BC390372E646} = {659C1CD1-E793-48C9-90BC-39559A5EA7E5}
	EndGlobalSection
EndGlobal
